
Microsoft Visual Studio Solution File, Format Version 12.00
# Visual Studio 14
VisualStudioVersion = 14.0.24720.0
MinimumVisualStudioVersion = 10.0.40219.1
Project("{FAE04EC0-301F-11D3-BF4B-00C04F79EFBC}") = "UserStorageSystem", "UserStorageSystem\UserStorageSystem.csproj", "{252BE0F5-98F2-4BDC-8277-E41A91270E3C}"
EndProject
Project("{FAE04EC0-301F-11D3-BF4B-00C04F79EFBC}") = "UserStorageSystemTests", "UserStorageSystemTests\UserStorageSystemTests.csproj", "{680AEF4D-8EE5-4879-B0EE-41246354F7FA}"
EndProject
Project("{FAE04EC0-301F-11D3-BF4B-00C04F79EFBC}") = "ConsoleApp", "Console\ConsoleApp.csproj", "{86153140-E8BD-44EF-A919-AD0941C10EA9}"
EndProject
Global
	GlobalSection(SolutionConfigurationPlatforms) = preSolution
		Debug|Any CPU = Debug|Any CPU
		Release|Any CPU = Release|Any CPU
	EndGlobalSection
	GlobalSection(ProjectConfigurationPlatforms) = postSolution
		{252BE0F5-98F2-4BDC-8277-E41A91270E3C}.Debug|Any CPU.ActiveCfg = Debug|Any CPU
		{252BE0F5-98F2-4BDC-8277-E41A91270E3C}.Debug|Any CPU.Build.0 = Debug|Any CPU
		{252BE0F5-98F2-4BDC-8277-E41A91270E3C}.Release|Any CPU.ActiveCfg = Release|Any CPU
		{252BE0F5-98F2-4BDC-8277-E41A91270E3C}.Release|Any CPU.Build.0 = Release|Any CPU
		{680AEF4D-8EE5-4879-B0EE-41246354F7FA}.Debug|Any CPU.ActiveCfg = Debug|Any CPU
		{680AEF4D-8EE5-4879-B0EE-41246354F7FA}.Debug|Any CPU.Build.0 = Debug|Any CPU
		{680AEF4D-8EE5-4879-B0EE-41246354F7FA}.Release|Any CPU.ActiveCfg = Release|Any CPU
		{680AEF4D-8EE5-4879-B0EE-41246354F7FA}.Release|Any CPU.Build.0 = Release|Any CPU
		{86153140-E8BD-44EF-A919-AD0941C10EA9}.Debug|Any CPU.ActiveCfg = Debug|Any CPU
		{86153140-E8BD-44EF-A919-AD0941C10EA9}.Debug|Any CPU.Build.0 = Debug|Any CPU
		{86153140-E8BD-44EF-A919-AD0941C10EA9}.Release|Any CPU.ActiveCfg = Release|Any CPU
		{86153140-E8BD-44EF-A919-AD0941C10EA9}.Release|Any CPU.Build.0 = Release|Any CPU
	EndGlobalSection
	GlobalSection(SolutionProperties) = preSolution
		HideSolutionNode = FALSE
	EndGlobalSection
EndGlobal
